
Microsoft Visual Studio Solution File, Format Version 12.00
# Visual Studio 15
VisualStudioVersion = 15.0.28307.572
MinimumVisualStudioVersion = 10.0.40219.1
Project("{FAE04EC0-301F-11D3-BF4B-00C04F79EFBC}") = "Task1,1", "ALL_LABS\Task1,1.csproj", "{82BBB633-701E-4865-B702-428E3CA8320C}"
EndProject
Project("{FAE04EC0-301F-11D3-BF4B-00C04F79EFBC}") = "Task2.2", "Task2.2\Task2.2.csproj", "{C8697C90-7EC1-4CAC-AAB6-00BE66FCB9CF}"
EndProject
Project("{FAE04EC0-301F-11D3-BF4B-00C04F79EFBC}") = "Task1.2", "Task1.2\Task1.2.csproj", "{DBB56652-13C0-4A4A-8AEC-C57A2F9F499F}"
EndProject
Project("{FAE04EC0-301F-11D3-BF4B-00C04F79EFBC}") = "Task1.3", "Task1.3\Task1.3.csproj", "{D54790BC-5710-47FA-9611-2CFFF8FF5A3E}"
EndProject
Project("{FAE04EC0-301F-11D3-BF4B-00C04F79EFBC}") = "Task1.4", "Task1.4\Task1.4.csproj", "{0BF63E5F-0641-4249-883E-2B861CA9E121}"
EndProject
Project("{FAE04EC0-301F-11D3-BF4B-00C04F79EFBC}") = "Task1.5", "Task1.5\Task1.5.csproj", "{17943E00-66B5-4C6D-AFAC-BB8956FB2BB8}"
EndProject
Project("{FAE04EC0-301F-11D3-BF4B-00C04F79EFBC}") = "Task2.1", "Task2.1\Task2.1.csproj", "{B145AA1D-FDC9-41D1-A7F6-828FC6270E2B}"
EndProject
Project("{FAE04EC0-301F-11D3-BF4B-00C04F79EFBC}") = "Task2.3", "Task2.3\Task2.3.csproj", "{B02D851D-CA1C-4D26-9411-91F3B14EA50A}"
EndProject
Project("{FAE04EC0-301F-11D3-BF4B-00C04F79EFBC}") = "Task2.4", "Task2.4\Task2.4.csproj", "{F9A4BE08-F9FB-44D3-B207-ABFC9EE69AA5}"
EndProject
Project("{FAE04EC0-301F-11D3-BF4B-00C04F79EFBC}") = "Task3.1", "Task3.1\Task3.1.csproj", "{6ABBE0AB-44AF-4F4E-A502-67FF10C10F47}"
EndProject
Project("{FAE04EC0-301F-11D3-BF4B-00C04F79EFBC}") = "Task3.2", "Task3.2\Task3.2.csproj", "{3847ED6D-B8BE-4B72-926F-C5BCAB71FE46}"
EndProject
Project("{FAE04EC0-301F-11D3-BF4B-00C04F79EFBC}") = "Task3.3", "Task3.3\Task3.3.csproj", "{B1E08565-67EB-49B0-882F-FD692EAE71B5}"
EndProject
Global
	GlobalSection(SolutionConfigurationPlatforms) = preSolution
		Debug|Any CPU = Debug|Any CPU
		Release|Any CPU = Release|Any CPU
	EndGlobalSection
	GlobalSection(ProjectConfigurationPlatforms) = postSolution
		{82BBB633-701E-4865-B702-428E3CA8320C}.Debug|Any CPU.ActiveCfg = Debug|Any CPU
		{82BBB633-701E-4865-B702-428E3CA8320C}.Debug|Any CPU.Build.0 = Debug|Any CPU
		{82BBB633-701E-4865-B702-428E3CA8320C}.Release|Any CPU.ActiveCfg = Release|Any CPU
		{82BBB633-701E-4865-B702-428E3CA8320C}.Release|Any CPU.Build.0 = Release|Any CPU
		{C8697C90-7EC1-4CAC-AAB6-00BE66FCB9CF}.Debug|Any CPU.ActiveCfg = Debug|Any CPU
		{C8697C90-7EC1-4CAC-AAB6-00BE66FCB9CF}.Debug|Any CPU.Build.0 = Debug|Any CPU
		{C8697C90-7EC1-4CAC-AAB6-00BE66FCB9CF}.Release|Any CPU.ActiveCfg = Release|Any CPU
		{C8697C90-7EC1-4CAC-AAB6-00BE66FCB9CF}.Release|Any CPU.Build.0 = Release|Any CPU
		{DBB56652-13C0-4A4A-8AEC-C57A2F9F499F}.Debug|Any CPU.ActiveCfg = Debug|Any CPU
		{DBB56652-13C0-4A4A-8AEC-C57A2F9F499F}.Debug|Any CPU.Build.0 = Debug|Any CPU
		{DBB56652-13C0-4A4A-8AEC-C57A2F9F499F}.Release|Any CPU.ActiveCfg = Release|Any CPU
		{DBB56652-13C0-4A4A-8AEC-C57A2F9F499F}.Release|Any CPU.Build.0 = Release|Any CPU
		{D54790BC-5710-47FA-9611-2CFFF8FF5A3E}.Debug|Any CPU.ActiveCfg = Debug|Any CPU
		{D54790BC-5710-47FA-9611-2CFFF8FF5A3E}.Debug|Any CPU.Build.0 = Debug|Any CPU
		{D54790BC-5710-47FA-9611-2CFFF8FF5A3E}.Release|Any CPU.ActiveCfg = Release|Any CPU
		{D54790BC-5710-47FA-9611-2CFFF8FF5A3E}.Release|Any CPU.Build.0 = Release|Any CPU
		{0BF63E5F-0641-4249-883E-2B861CA9E121}.Debug|Any CPU.ActiveCfg = Debug|Any CPU
		{0BF63E5F-0641-4249-883E-2B861CA9E121}.Debug|Any CPU.Build.0 = Debug|Any CPU
		{0BF63E5F-0641-4249-883E-2B861CA9E121}.Release|Any CPU.ActiveCfg = Release|Any CPU
		{0BF63E5F-0641-4249-883E-2B861CA9E121}.Release|Any CPU.Build.0 = Release|Any CPU
		{17943E00-66B5-4C6D-AFAC-BB8956FB2BB8}.Debug|Any CPU.ActiveCfg = Debug|Any CPU
		{17943E00-66B5-4C6D-AFAC-BB8956FB2BB8}.Debug|Any CPU.Build.0 = Debug|Any CPU
		{17943E00-66B5-4C6D-AFAC-BB8956FB2BB8}.Release|Any CPU.ActiveCfg = Release|Any CPU
		{17943E00-66B5-4C6D-AFAC-BB8956FB2BB8}.Release|Any CPU.Build.0 = Release|Any CPU
		{B145AA1D-FDC9-41D1-A7F6-828FC6270E2B}.Debug|Any CPU.ActiveCfg = Debug|Any CPU
		{B145AA1D-FDC9-41D1-A7F6-828FC6270E2B}.Debug|Any CPU.Build.0 = Debug|Any CPU
		{B145AA1D-FDC9-41D1-A7F6-828FC6270E2B}.Release|Any CPU.ActiveCfg = Release|Any CPU
		{B145AA1D-FDC9-41D1-A7F6-828FC6270E2B}.Release|Any CPU.Build.0 = Release|Any CPU
		{B02D851D-CA1C-4D26-9411-91F3B14EA50A}.Debug|Any CPU.ActiveCfg = Debug|Any CPU
		{B02D851D-CA1C-4D26-9411-91F3B14EA50A}.Debug|Any CPU.Build.0 = Debug|Any CPU
		{B02D851D-CA1C-4D26-9411-91F3B14EA50A}.Release|Any CPU.ActiveCfg = Release|Any CPU
		{B02D851D-CA1C-4D26-9411-91F3B14EA50A}.Release|Any CPU.Build.0 = Release|Any CPU
		{F9A4BE08-F9FB-44D3-B207-ABFC9EE69AA5}.Debug|Any CPU.ActiveCfg = Debug|Any CPU
		{F9A4BE08-F9FB-44D3-B207-ABFC9EE69AA5}.Debug|Any CPU.Build.0 = Debug|Any CPU
		{F9A4BE08-F9FB-44D3-B207-ABFC9EE69AA5}.Release|Any CPU.ActiveCfg = Release|Any CPU
		{F9A4BE08-F9FB-44D3-B207-ABFC9EE69AA5}.Release|Any CPU.Build.0 = Release|Any CPU
		{6ABBE0AB-44AF-4F4E-A502-67FF10C10F47}.Debug|Any CPU.ActiveCfg = Debug|Any CPU
		{6ABBE0AB-44AF-4F4E-A502-67FF10C10F47}.Debug|Any CPU.Build.0 = Debug|Any CPU
		{6ABBE0AB-44AF-4F4E-A502-67FF10C10F47}.Release|Any CPU.ActiveCfg = Release|Any CPU
		{6ABBE0AB-44AF-4F4E-A502-67FF10C10F47}.Release|Any CPU.Build.0 = Release|Any CPU
		{3847ED6D-B8BE-4B72-926F-C5BCAB71FE46}.Debug|Any CPU.ActiveCfg = Debug|Any CPU
		{3847ED6D-B8BE-4B72-926F-C5BCAB71FE46}.Debug|Any CPU.Build.0 = Debug|Any CPU
		{3847ED6D-B8BE-4B72-926F-C5BCAB71FE46}.Release|Any CPU.ActiveCfg = Release|Any CPU
		{3847ED6D-B8BE-4B72-926F-C5BCAB71FE46}.Release|Any CPU.Build.0 = Release|Any CPU
		{B1E08565-67EB-49B0-882F-FD692EAE71B5}.Debug|Any CPU.ActiveCfg = Debug|Any CPU
		{B1E08565-67EB-49B0-882F-FD692EAE71B5}.Debug|Any CPU.Build.0 = Debug|Any CPU
		{B1E08565-67EB-49B0-882F-FD692EAE71B5}.Release|Any CPU.ActiveCfg = Release|Any CPU
		{B1E08565-67EB-49B0-882F-FD692EAE71B5}.Release|Any CPU.Build.0 = Release|Any CPU
	EndGlobalSection
	GlobalSection(SolutionProperties) = preSolution
		HideSolutionNode = FALSE
	EndGlobalSection
	GlobalSection(ExtensibilityGlobals) = postSolution
		SolutionGuid = {7EE0232A-860A-4D87-BF55-86F87F459291}
	EndGlobalSection
EndGlobal
