
Microsoft Visual Studio Solution File, Format Version 12.00
# Visual Studio 15
VisualStudioVersion = 15.0.28307.572
MinimumVisualStudioVersion = 10.0.40219.1
Project("{FAE04EC0-301F-11D3-BF4B-00C04F79EFBC}") = "Tasks_3.1", "Tasks_3\Tasks_3.1.csproj", "{10FFDF6E-80EA-46BD-B1B6-5CB844272FEA}"
EndProject
Project("{FAE04EC0-301F-11D3-BF4B-00C04F79EFBC}") = "Task_3.2", "Task_3.1\Task_3.2.csproj", "{61CCD9F6-AF88-4320-9892-1079D8C9EB52}"
EndProject
Project("{FAE04EC0-301F-11D3-BF4B-00C04F79EFBC}") = "Task_3", "Task_3\Task_3.csproj", "{7D6B22E3-D38F-4235-BD1B-50F19BE3C0EE}"
EndProject
Global
	GlobalSection(SolutionConfigurationPlatforms) = preSolution
		Debug|Any CPU = Debug|Any CPU
		Release|Any CPU = Release|Any CPU
	EndGlobalSection
	GlobalSection(ProjectConfigurationPlatforms) = postSolution
		{10FFDF6E-80EA-46BD-B1B6-5CB844272FEA}.Debug|Any CPU.ActiveCfg = Debug|Any CPU
		{10FFDF6E-80EA-46BD-B1B6-5CB844272FEA}.Debug|Any CPU.Build.0 = Debug|Any CPU
		{10FFDF6E-80EA-46BD-B1B6-5CB844272FEA}.Release|Any CPU.ActiveCfg = Release|Any CPU
		{10FFDF6E-80EA-46BD-B1B6-5CB844272FEA}.Release|Any CPU.Build.0 = Release|Any CPU
		{61CCD9F6-AF88-4320-9892-1079D8C9EB52}.Debug|Any CPU.ActiveCfg = Debug|Any CPU
		{61CCD9F6-AF88-4320-9892-1079D8C9EB52}.Debug|Any CPU.Build.0 = Debug|Any CPU
		{61CCD9F6-AF88-4320-9892-1079D8C9EB52}.Release|Any CPU.ActiveCfg = Release|Any CPU
		{61CCD9F6-AF88-4320-9892-1079D8C9EB52}.Release|Any CPU.Build.0 = Release|Any CPU
		{7D6B22E3-D38F-4235-BD1B-50F19BE3C0EE}.Debug|Any CPU.ActiveCfg = Debug|Any CPU
		{7D6B22E3-D38F-4235-BD1B-50F19BE3C0EE}.Debug|Any CPU.Build.0 = Debug|Any CPU
		{7D6B22E3-D38F-4235-BD1B-50F19BE3C0EE}.Release|Any CPU.ActiveCfg = Release|Any CPU
		{7D6B22E3-D38F-4235-BD1B-50F19BE3C0EE}.Release|Any CPU.Build.0 = Release|Any CPU
	EndGlobalSection
	GlobalSection(SolutionProperties) = preSolution
		HideSolutionNode = FALSE
	EndGlobalSection
	GlobalSection(ExtensibilityGlobals) = postSolution
		SolutionGuid = {CBA1BD0C-CF18-4098-ABC5-1A190E0CB773}
	EndGlobalSection
EndGlobal
